# This file is autogenerated, do not edit; changes may be undone by the next 'dep ensure'.


[[projects]]
  digest = "1:3d47e9aa3a61df89757cd91650f9b3863f9e5b176c229067fbde18cf4aa2f898"
  name = "github.com/rakyll/statik"
  packages = [
    ".",
    "fs",
  ]
  pruneopts = "UT"
  revision = "1355192d24db2566a83c3914e187e2a7e7679832"
  version = "v0.1.5"

[[projects]]
  branch = "master"
  digest = "1:10894abc5fe2105036b7c3affb576e777aecc20282e431b5bf9ab541c81b3b2d"
  name = "github.com/shurcooL/go"
  packages = [
    "parserutil",
    "printerutil",
    "reflectfind",
    "reflectsource",
    "trim",
  ]
  pruneopts = "UT"
  revision = "58262d155ee0c659f3e3963bfccbac0f6a6a1d2b"

[[projects]]
  branch = "master"
  digest = "1:c347b6831c73fad4137117fb7e2cf1bc7ff03206ddcd7fb184e9af4fc96fa5b6"
  name = "github.com/shurcooL/go-goon"
  packages = ["."]
  pruneopts = "UT"
  revision = "37c2f522c041b74919a9e5e3a6c5c47eb34730a5"

[[projects]]
  branch = "master"
  digest = "1:d76852d31b606e3d352b9972d62bc4476e63b75994866906e43418003f4b1bbb"
  name = "github.com/shurcooL/goexec"
  packages = ["."]
  pruneopts = "UT"
  revision = "67b40f7358c4d2374e5372905ba1f9a4af90607f"

[[projects]]
  branch = "master"
  digest = "1:695f2d3a70d68be5a203261eb1c53087d99d7c4af80a8f58a732bd518085d7e2"
  name = "golang.org/x/tools"
  packages = [
    "go/ast/astutil",
    "imports",
    "internal/fastwalk",
    "internal/gopathwalk",
  ]
  pruneopts = "UT"
  revision = "04b5d21e00f1f47bd824a6ade581e7189bacde87"

[solve-meta]
  analyzer-name = "dep"
  analyzer-version = 1
  input-imports = [
    "github.com/rakyll/statik",
    "github.com/rakyll/statik/fs",
    "github.com/shurcooL/goexec",
  ]
  solver-name = "gps-cdcl"
  solver-version = 1
