# This file is autogenerated, do not edit; changes may be undone by the next 'dep ensure'.


[[projects]]
  name = "github.com/rakyll/statik"
  packages = [
    ".",
    "fs"
  ]
  revision = "1355192d24db2566a83c3914e187e2a7e7679832"
  version = "v0.1.5"

[[projects]]
  branch = "master"
  name = "github.com/shurcooL/go"
  packages = [
    "parserutil",
    "printerutil",
    "reflectfind",
    "reflectsource",
    "trim"
  ]
  revision = "58262d155ee0c659f3e3963bfccbac0f6a6a1d2b"

[[projects]]
  branch = "master"
  name = "github.com/shurcooL/go-goon"
  packages = ["."]
  revision = "37c2f522c041b74919a9e5e3a6c5c47eb34730a5"

[[projects]]
  branch = "master"
  name = "github.com/shurcooL/goexec"
  packages = ["."]
  revision = "67b40f7358c4d2374e5372905ba1f9a4af90607f"

[[projects]]
  branch = "master"
  name = "golang.org/x/tools"
  packages = [
    "go/ast/astutil",
    "imports",
    "internal/fastwalk",
    "internal/gopathwalk"
  ]
  revision = "04b5d21e00f1f47bd824a6ade581e7189bacde87"

[solve-meta]
  analyzer-name = "dep"
  analyzer-version = 1
  inputs-digest = "2873115f63e978f6073b7934cf9f5b9132156f6af25d8208977866c43c3dc077"
  solver-name = "gps-cdcl"
  solver-version = 1
